
Microsoft Visual Studio Solution File, Format Version 12.00
# Visual Studio Version 16
VisualStudioVersion = 16.0.31129.286
MinimumVisualStudioVersion = 10.0.40219.1
Project("{FAE04EC0-301F-11D3-BF4B-00C04F79EFBC}") = "NaverMovieFinderApp", "NaverMovieFinderApp\NaverMovieFinderApp.csproj", "{BD33C2CC-DB06-4877-A682-F62DB4D1DF3A}"
EndProject
Project("{FAE04EC0-301F-11D3-BF4B-00C04F79EFBC}") = "ConsoleNaverMovieFinder", "ConsoleNaverMovieFinder\ConsoleNaverMovieFinder.csproj", "{C53DF9B7-5718-4AA2-B29D-C1085215DE51}"
EndProject
Global
	GlobalSection(SolutionConfigurationPlatforms) = preSolution
		Debug|Any CPU = Debug|Any CPU
		Release|Any CPU = Release|Any CPU
	EndGlobalSection
	GlobalSection(ProjectConfigurationPlatforms) = postSolution
		{BD33C2CC-DB06-4877-A682-F62DB4D1DF3A}.Debug|Any CPU.ActiveCfg = Debug|Any CPU
		{BD33C2CC-DB06-4877-A682-F62DB4D1DF3A}.Debug|Any CPU.Build.0 = Debug|Any CPU
		{BD33C2CC-DB06-4877-A682-F62DB4D1DF3A}.Release|Any CPU.ActiveCfg = Release|Any CPU
		{BD33C2CC-DB06-4877-A682-F62DB4D1DF3A}.Release|Any CPU.Build.0 = Release|Any CPU
		{C53DF9B7-5718-4AA2-B29D-C1085215DE51}.Debug|Any CPU.ActiveCfg = Debug|Any CPU
		{C53DF9B7-5718-4AA2-B29D-C1085215DE51}.Debug|Any CPU.Build.0 = Debug|Any CPU
		{C53DF9B7-5718-4AA2-B29D-C1085215DE51}.Release|Any CPU.ActiveCfg = Release|Any CPU
		{C53DF9B7-5718-4AA2-B29D-C1085215DE51}.Release|Any CPU.Build.0 = Release|Any CPU
	EndGlobalSection
	GlobalSection(SolutionProperties) = preSolution
		HideSolutionNode = FALSE
	EndGlobalSection
	GlobalSection(ExtensibilityGlobals) = postSolution
		SolutionGuid = {D403BFCA-1D40-4EC9-BF2E-A816A4A02972}
	EndGlobalSection
EndGlobal
